
Microsoft Visual Studio Solution File, Format Version 12.00
# Visual Studio 15
VisualStudioVersion = 15.0.27703.2000
MinimumVisualStudioVersion = 10.0.40219.1
Project("{FAE04EC0-301F-11D3-BF4B-00C04F79EFBC}") = "滑动窗口协议", "滑动窗口协议\滑动窗口协议.csproj", "{29F219CD-F529-4839-A51E-896993E4373B}"
EndProject
Global
	GlobalSection(SolutionConfigurationPlatforms) = preSolution
		Debug|Any CPU = Debug|Any CPU
		Release|Any CPU = Release|Any CPU
	EndGlobalSection
	GlobalSection(ProjectConfigurationPlatforms) = postSolution
		{29F219CD-F529-4839-A51E-896993E4373B}.Debug|Any CPU.ActiveCfg = Debug|Any CPU
		{29F219CD-F529-4839-A51E-896993E4373B}.Debug|Any CPU.Build.0 = Debug|Any CPU
		{29F219CD-F529-4839-A51E-896993E4373B}.Release|Any CPU.ActiveCfg = Release|Any CPU
		{29F219CD-F529-4839-A51E-896993E4373B}.Release|Any CPU.Build.0 = Release|Any CPU
	EndGlobalSection
	GlobalSection(SolutionProperties) = preSolution
		HideSolutionNode = FALSE
	EndGlobalSection
	GlobalSection(ExtensibilityGlobals) = postSolution
		SolutionGuid = {5F64F8C0-1023-46BD-9F67-DFA964043C7A}
	EndGlobalSection
EndGlobal
